// !$*UTF8*$!
{
	archiveVersion = 1;
	classes = {
	};
	objectVersion = 56;
	objects = {

/* Begin PBXBuildFile section */
		821D72702B42A1F40086E091 /* NotificationCellViewModel.swift in Sources */ = {isa = PBXBuildFile; fileRef = 821D726F2B42A1F40086E091 /* NotificationCellViewModel.swift */; };
		8226798E2B333E8600A5EE77 /* ProfileViewModel.swift in Sources */ = {isa = PBXBuildFile; fileRef = 8226798D2B333E8600A5EE77 /* ProfileViewModel.swift */; };
		822679902B3343E400A5EE77 /* UserService.swift in Sources */ = {isa = PBXBuildFile; fileRef = 8226798F2B3343E400A5EE77 /* UserService.swift */; };
		826318AD2B19545500B970AA /* ImagePicker.swift in Sources */ = {isa = PBXBuildFile; fileRef = 826318AC2B19545400B970AA /* ImagePicker.swift */; };
		82742FE62B2F529300B517DF /* Constants.swift in Sources */ = {isa = PBXBuildFile; fileRef = 82742FE52B2F529300B517DF /* Constants.swift */; };
		82742FEA2B2F593100B517DF /* SearchViewModel.swift in Sources */ = {isa = PBXBuildFile; fileRef = 82742FE92B2F593100B517DF /* SearchViewModel.swift */; };
		8280EA742B1D2AB700AC0C65 /* LoginView.swift in Sources */ = {isa = PBXBuildFile; fileRef = 8280EA732B1D2AB700AC0C65 /* LoginView.swift */; };
		8280EA762B1D2AC700AC0C65 /* RegistrationView.swift in Sources */ = {isa = PBXBuildFile; fileRef = 8280EA752B1D2AC700AC0C65 /* RegistrationView.swift */; };
		8280EA782B1D2AD200AC0C65 /* ResetPasswordView.swift in Sources */ = {isa = PBXBuildFile; fileRef = 8280EA772B1D2AD200AC0C65 /* ResetPasswordView.swift */; };
		8280EA7A2B1D2DD100AC0C65 /* CustomTextField.swift in Sources */ = {isa = PBXBuildFile; fileRef = 8280EA792B1D2DD100AC0C65 /* CustomTextField.swift */; };
		8280EA7C2B1D2DDF00AC0C65 /* CustomSecureField.swift in Sources */ = {isa = PBXBuildFile; fileRef = 8280EA7B2B1D2DDF00AC0C65 /* CustomSecureField.swift */; };
		828283BA2B373ACA0044FD39 /* User.swift in Sources */ = {isa = PBXBuildFile; fileRef = 828283B92B373AC90044FD39 /* User.swift */; };
		828283BC2B373AD20044FD39 /* Post.swift in Sources */ = {isa = PBXBuildFile; fileRef = 828283BB2B373AD20044FD39 /* Post.swift */; };
		828283C12B373BFF0044FD39 /* FeedViewModel.swift in Sources */ = {isa = PBXBuildFile; fileRef = 828283C02B373BFF0044FD39 /* FeedViewModel.swift */; };
		828283C32B3745BD0044FD39 /* PostGridViewModel.swift in Sources */ = {isa = PBXBuildFile; fileRef = 828283C22B3745BD0044FD39 /* PostGridViewModel.swift */; };
		8286D1392B333BCC00144980 /* GoogleService-Info.plist in Resources */ = {isa = PBXBuildFile; fileRef = 8286D1382B333BCC00144980 /* GoogleService-Info.plist */; };
		82A8244F2B3952E50015B629 /* FeedCellViewModel.swift in Sources */ = {isa = PBXBuildFile; fileRef = 82A8244E2B3952E50015B629 /* FeedCellViewModel.swift */; };
		82BCF06C2B39AE33001C3EC8 /* Comment.swift in Sources */ = {isa = PBXBuildFile; fileRef = 82BCF06B2B39AE33001C3EC8 /* Comment.swift */; };
		82BCF06E2B39AE43001C3EC8 /* CommentsView.swift in Sources */ = {isa = PBXBuildFile; fileRef = 82BCF06D2B39AE43001C3EC8 /* CommentsView.swift */; };
		82BCF0702B39AE51001C3EC8 /* CommentCell.swift in Sources */ = {isa = PBXBuildFile; fileRef = 82BCF06F2B39AE51001C3EC8 /* CommentCell.swift */; };
		82BCF0722B39AE64001C3EC8 /* CommentViewModel.swift in Sources */ = {isa = PBXBuildFile; fileRef = 82BCF0712B39AE64001C3EC8 /* CommentViewModel.swift */; };
		82BCF0742B39B172001C3EC8 /* CustomInputView.swift in Sources */ = {isa = PBXBuildFile; fileRef = 82BCF0732B39B172001C3EC8 /* CustomInputView.swift */; };
		82CD63052B353E3500187658 /* UploadPostViewModel.swift in Sources */ = {isa = PBXBuildFile; fileRef = 82CD63042B353E3500187658 /* UploadPostViewModel.swift */; };
		82CFA9532B143360006CF7A7 /* ProfileHeaderView.swift in Sources */ = {isa = PBXBuildFile; fileRef = 82CFA9522B143360006CF7A7 /* ProfileHeaderView.swift */; };
		82CFA9552B1437AA006CF7A7 /* UserStatView.swift in Sources */ = {isa = PBXBuildFile; fileRef = 82CFA9542B1437AA006CF7A7 /* UserStatView.swift */; };
		82CFA9572B14390E006CF7A7 /* ProfileActionButton.swift in Sources */ = {isa = PBXBuildFile; fileRef = 82CFA9562B14390E006CF7A7 /* ProfileActionButton.swift */; };
		82D78C382B259F080057A01A /* FirebaseAnalytics in Frameworks */ = {isa = PBXBuildFile; productRef = 82D78C372B259F080057A01A /* FirebaseAnalytics */; };
		82D78C3A2B259F080057A01A /* FirebaseAnalyticsOnDeviceConversion in Frameworks */ = {isa = PBXBuildFile; productRef = 82D78C392B259F080057A01A /* FirebaseAnalyticsOnDeviceConversion */; };
		82D78C3C2B259F080057A01A /* FirebaseAnalyticsSwift in Frameworks */ = {isa = PBXBuildFile; productRef = 82D78C3B2B259F080057A01A /* FirebaseAnalyticsSwift */; };
		82D78C3E2B259F080057A01A /* FirebaseAnalyticsWithoutAdIdSupport in Frameworks */ = {isa = PBXBuildFile; productRef = 82D78C3D2B259F080057A01A /* FirebaseAnalyticsWithoutAdIdSupport */; };
		82D78C402B259F080057A01A /* FirebaseAppCheck in Frameworks */ = {isa = PBXBuildFile; productRef = 82D78C3F2B259F080057A01A /* FirebaseAppCheck */; };
		82D78C422B259F080057A01A /* FirebaseAppDistribution-Beta in Frameworks */ = {isa = PBXBuildFile; productRef = 82D78C412B259F080057A01A /* FirebaseAppDistribution-Beta */; };
		82D78C442B259F080057A01A /* FirebaseAuth in Frameworks */ = {isa = PBXBuildFile; productRef = 82D78C432B259F080057A01A /* FirebaseAuth */; };
		82D78C462B259F080057A01A /* FirebaseAuthCombine-Community in Frameworks */ = {isa = PBXBuildFile; productRef = 82D78C452B259F080057A01A /* FirebaseAuthCombine-Community */; };
		82D78C482B259F080057A01A /* FirebaseCrashlytics in Frameworks */ = {isa = PBXBuildFile; productRef = 82D78C472B259F080057A01A /* FirebaseCrashlytics */; };
		82D78C4A2B259F080057A01A /* FirebaseDatabase in Frameworks */ = {isa = PBXBuildFile; productRef = 82D78C492B259F080057A01A /* FirebaseDatabase */; };
		82D78C4C2B259F080057A01A /* FirebaseDatabaseSwift in Frameworks */ = {isa = PBXBuildFile; productRef = 82D78C4B2B259F080057A01A /* FirebaseDatabaseSwift */; };
		82D78C4E2B259F080057A01A /* FirebaseDynamicLinks in Frameworks */ = {isa = PBXBuildFile; productRef = 82D78C4D2B259F080057A01A /* FirebaseDynamicLinks */; };
		82D78C502B259F080057A01A /* FirebaseFirestore in Frameworks */ = {isa = PBXBuildFile; productRef = 82D78C4F2B259F080057A01A /* FirebaseFirestore */; };
		82D78C522B259F080057A01A /* FirebaseFirestoreCombine-Community in Frameworks */ = {isa = PBXBuildFile; productRef = 82D78C512B259F080057A01A /* FirebaseFirestoreCombine-Community */; };
		82D78C542B259F080057A01A /* FirebaseFirestoreSwift in Frameworks */ = {isa = PBXBuildFile; productRef = 82D78C532B259F080057A01A /* FirebaseFirestoreSwift */; };
		82D78C562B259F080057A01A /* FirebaseFunctions in Frameworks */ = {isa = PBXBuildFile; productRef = 82D78C552B259F080057A01A /* FirebaseFunctions */; };
		82D78C582B259F080057A01A /* FirebaseFunctionsCombine-Community in Frameworks */ = {isa = PBXBuildFile; productRef = 82D78C572B259F080057A01A /* FirebaseFunctionsCombine-Community */; };
		82D78C5A2B259F080057A01A /* FirebaseInAppMessaging-Beta in Frameworks */ = {isa = PBXBuildFile; productRef = 82D78C592B259F080057A01A /* FirebaseInAppMessaging-Beta */; };
		82D78C5C2B259F080057A01A /* FirebaseInAppMessagingSwift-Beta in Frameworks */ = {isa = PBXBuildFile; productRef = 82D78C5B2B259F080057A01A /* FirebaseInAppMessagingSwift-Beta */; };
		82D78C5E2B259F080057A01A /* FirebaseInstallations in Frameworks */ = {isa = PBXBuildFile; productRef = 82D78C5D2B259F080057A01A /* FirebaseInstallations */; };
		82D78C612B259F530057A01A /* Kingfisher in Frameworks */ = {isa = PBXBuildFile; productRef = 82D78C602B259F530057A01A /* Kingfisher */; };
		82D78C652B25ACA60057A01A /* AuthViewModel.swift in Sources */ = {isa = PBXBuildFile; fileRef = 82D78C642B25ACA60057A01A /* AuthViewModel.swift */; };
		82D78C672B25D67A0057A01A /* ImageUploader.swift in Sources */ = {isa = PBXBuildFile; fileRef = 82D78C662B25D67A0057A01A /* ImageUploader.swift */; };
		82D78C692B25DB440057A01A /* FirebaseAnalytics in Frameworks */ = {isa = PBXBuildFile; productRef = 82D78C682B25DB440057A01A /* FirebaseAnalytics */; };
		82D78C6B2B25DB440057A01A /* FirebaseAnalyticsOnDeviceConversion in Frameworks */ = {isa = PBXBuildFile; productRef = 82D78C6A2B25DB440057A01A /* FirebaseAnalyticsOnDeviceConversion */; };
		82D78C6D2B25DB440057A01A /* FirebaseAnalyticsSwift in Frameworks */ = {isa = PBXBuildFile; productRef = 82D78C6C2B25DB440057A01A /* FirebaseAnalyticsSwift */; };
		82D78C6F2B25DB440057A01A /* FirebaseAnalyticsWithoutAdIdSupport in Frameworks */ = {isa = PBXBuildFile; productRef = 82D78C6E2B25DB440057A01A /* FirebaseAnalyticsWithoutAdIdSupport */; };
		82D78C712B25DB440057A01A /* FirebaseAppCheck in Frameworks */ = {isa = PBXBuildFile; productRef = 82D78C702B25DB440057A01A /* FirebaseAppCheck */; };
		82D78C732B25DB440057A01A /* FirebaseAppDistribution-Beta in Frameworks */ = {isa = PBXBuildFile; productRef = 82D78C722B25DB440057A01A /* FirebaseAppDistribution-Beta */; };
		82D78C752B25DB440057A01A /* FirebaseAuth in Frameworks */ = {isa = PBXBuildFile; productRef = 82D78C742B25DB440057A01A /* FirebaseAuth */; };
		82D78C772B25DB440057A01A /* FirebaseAuthCombine-Community in Frameworks */ = {isa = PBXBuildFile; productRef = 82D78C762B25DB440057A01A /* FirebaseAuthCombine-Community */; };
		82D78C792B25DB440057A01A /* FirebaseCrashlytics in Frameworks */ = {isa = PBXBuildFile; productRef = 82D78C782B25DB440057A01A /* FirebaseCrashlytics */; };
		82D78C7B2B25DB440057A01A /* FirebaseDatabase in Frameworks */ = {isa = PBXBuildFile; productRef = 82D78C7A2B25DB440057A01A /* FirebaseDatabase */; };
		82D78C7D2B25DB440057A01A /* FirebaseDatabaseSwift in Frameworks */ = {isa = PBXBuildFile; productRef = 82D78C7C2B25DB440057A01A /* FirebaseDatabaseSwift */; };
		82D78C7F2B25DB440057A01A /* FirebaseDynamicLinks in Frameworks */ = {isa = PBXBuildFile; productRef = 82D78C7E2B25DB440057A01A /* FirebaseDynamicLinks */; };
		82D78C812B25DB440057A01A /* FirebaseFirestore in Frameworks */ = {isa = PBXBuildFile; productRef = 82D78C802B25DB440057A01A /* FirebaseFirestore */; };
		82D78C832B25DB440057A01A /* FirebaseFirestoreCombine-Community in Frameworks */ = {isa = PBXBuildFile; productRef = 82D78C822B25DB440057A01A /* FirebaseFirestoreCombine-Community */; };
		82D78C852B25DB440057A01A /* FirebaseFirestoreSwift in Frameworks */ = {isa = PBXBuildFile; productRef = 82D78C842B25DB440057A01A /* FirebaseFirestoreSwift */; };
		82D78C872B25DB440057A01A /* FirebaseFunctions in Frameworks */ = {isa = PBXBuildFile; productRef = 82D78C862B25DB440057A01A /* FirebaseFunctions */; };
		82D78C892B25DB440057A01A /* FirebaseFunctionsCombine-Community in Frameworks */ = {isa = PBXBuildFile; productRef = 82D78C882B25DB440057A01A /* FirebaseFunctionsCombine-Community */; };
		82D78C8B2B25DB440057A01A /* FirebaseInAppMessaging-Beta in Frameworks */ = {isa = PBXBuildFile; productRef = 82D78C8A2B25DB440057A01A /* FirebaseInAppMessaging-Beta */; };
		82D78C8D2B25DB440057A01A /* FirebaseInAppMessagingSwift-Beta in Frameworks */ = {isa = PBXBuildFile; productRef = 82D78C8C2B25DB440057A01A /* FirebaseInAppMessagingSwift-Beta */; };
		82D78C8F2B25DB440057A01A /* FirebaseInstallations in Frameworks */ = {isa = PBXBuildFile; productRef = 82D78C8E2B25DB440057A01A /* FirebaseInstallations */; };
		82D78C912B25DB440057A01A /* FirebaseMessaging in Frameworks */ = {isa = PBXBuildFile; productRef = 82D78C902B25DB440057A01A /* FirebaseMessaging */; };
		82D78C932B25DB440057A01A /* FirebasePerformance in Frameworks */ = {isa = PBXBuildFile; productRef = 82D78C922B25DB440057A01A /* FirebasePerformance */; };
		82D78C952B25DB440057A01A /* FirebaseRemoteConfig in Frameworks */ = {isa = PBXBuildFile; productRef = 82D78C942B25DB440057A01A /* FirebaseRemoteConfig */; };
		82D78C972B25DB440057A01A /* FirebaseRemoteConfigSwift in Frameworks */ = {isa = PBXBuildFile; productRef = 82D78C962B25DB440057A01A /* FirebaseRemoteConfigSwift */; };
		82D78C992B25DB440057A01A /* FirebaseStorage in Frameworks */ = {isa = PBXBuildFile; productRef = 82D78C982B25DB440057A01A /* FirebaseStorage */; };
		82D78C9B2B25DB440057A01A /* FirebaseStorageCombine-Community in Frameworks */ = {isa = PBXBuildFile; productRef = 82D78C9A2B25DB440057A01A /* FirebaseStorageCombine-Community */; };
		82E25EEA2B35FCD40052276E /* TextArea.swift in Sources */ = {isa = PBXBuildFile; fileRef = 82E25EE92B35FCD40052276E /* TextArea.swift */; };
		82E6174D2B41ADC50046C36F /* Notification.swift in Sources */ = {isa = PBXBuildFile; fileRef = 82E6174C2B41ADC50046C36F /* Notification.swift */; };
		82E617502B41AFC00046C36F /* NotificationViewModel.swift in Sources */ = {isa = PBXBuildFile; fileRef = 82E6174F2B41AFC00046C36F /* NotificationViewModel.swift */; };
		82F973E62B0A2EDD000A2FBA /* InstagramSwiftUITutorialApp.swift in Sources */ = {isa = PBXBuildFile; fileRef = 82F973E52B0A2EDD000A2FBA /* InstagramSwiftUITutorialApp.swift */; };
		82F973EA2B0A2EDF000A2FBA /* Assets.xcassets in Resources */ = {isa = PBXBuildFile; fileRef = 82F973E92B0A2EDF000A2FBA /* Assets.xcassets */; };
		82F973ED2B0A2EDF000A2FBA /* Preview Assets.xcassets in Resources */ = {isa = PBXBuildFile; fileRef = 82F973EC2B0A2EDF000A2FBA /* Preview Assets.xcassets */; };
		82F973FB2B0A3168000A2FBA /* ContentView.swift in Sources */ = {isa = PBXBuildFile; fileRef = 82F973FA2B0A3168000A2FBA /* ContentView.swift */; };
		82F974082B0A3351000A2FBA /* MainTabView.swift in Sources */ = {isa = PBXBuildFile; fileRef = 82F974072B0A3351000A2FBA /* MainTabView.swift */; };
		82F9740B2B0A33AA000A2FBA /* FeedView.swift in Sources */ = {isa = PBXBuildFile; fileRef = 82F9740A2B0A33AA000A2FBA /* FeedView.swift */; };
		82F9740D2B0A33EA000A2FBA /* SearchView.swift in Sources */ = {isa = PBXBuildFile; fileRef = 82F9740C2B0A33EA000A2FBA /* SearchView.swift */; };
		82F9740F2B0A33FB000A2FBA /* ProfileView.swift in Sources */ = {isa = PBXBuildFile; fileRef = 82F9740E2B0A33FB000A2FBA /* ProfileView.swift */; };
		82F974112B0A341A000A2FBA /* NotificationView.swift in Sources */ = {isa = PBXBuildFile; fileRef = 82F974102B0A341A000A2FBA /* NotificationView.swift */; };
		82F974132B0A3429000A2FBA /* UploadPostView.swift in Sources */ = {isa = PBXBuildFile; fileRef = 82F974122B0A3429000A2FBA /* UploadPostView.swift */; };
		82F974152B0A3890000A2FBA /* FeedCell.swift in Sources */ = {isa = PBXBuildFile; fileRef = 82F974142B0A3890000A2FBA /* FeedCell.swift */; };
		82F974172B0A4841000A2FBA /* SearchBar.swift in Sources */ = {isa = PBXBuildFile; fileRef = 82F974162B0A4841000A2FBA /* SearchBar.swift */; };
		82F974192B0A4B98000A2FBA /* PostGridView.swift in Sources */ = {isa = PBXBuildFile; fileRef = 82F974182B0A4B98000A2FBA /* PostGridView.swift */; };
		82F9741B2B0A4D5E000A2FBA /* UserCell.swift in Sources */ = {isa = PBXBuildFile; fileRef = 82F9741A2B0A4D5E000A2FBA /* UserCell.swift */; };
		82F9741D2B0A4D67000A2FBA /* UserListView.swift in Sources */ = {isa = PBXBuildFile; fileRef = 82F9741C2B0A4D67000A2FBA /* UserListView.swift */; };
		82F9741F2B0A52F2000A2FBA /* Extensions.swift in Sources */ = {isa = PBXBuildFile; fileRef = 82F9741E2B0A52F2000A2FBA /* Extensions.swift */; };
		82F974212B0A558E000A2FBA /* NotificationCell.swift in Sources */ = {isa = PBXBuildFile; fileRef = 82F974202B0A558E000A2FBA /* NotificationCell.swift */; };
/* End PBXBuildFile section */

/* Begin PBXFileReference section */
		821D726F2B42A1F40086E091 /* NotificationCellViewModel.swift */ = {isa = PBXFileReference; lastKnownFileType = sourcecode.swift; path = NotificationCellViewModel.swift; sourceTree = "<group>"; };
		8226798D2B333E8600A5EE77 /* ProfileViewModel.swift */ = {isa = PBXFileReference; lastKnownFileType = sourcecode.swift; path = ProfileViewModel.swift; sourceTree = "<group>"; };
		8226798F2B3343E400A5EE77 /* UserService.swift */ = {isa = PBXFileReference; lastKnownFileType = sourcecode.swift; path = UserService.swift; sourceTree = "<group>"; };
		826318AC2B19545400B970AA /* ImagePicker.swift */ = {isa = PBXFileReference; lastKnownFileType = sourcecode.swift; path = ImagePicker.swift; sourceTree = "<group>"; };
		82742FE52B2F529300B517DF /* Constants.swift */ = {isa = PBXFileReference; lastKnownFileType = sourcecode.swift; path = Constants.swift; sourceTree = "<group>"; };
		82742FE92B2F593100B517DF /* SearchViewModel.swift */ = {isa = PBXFileReference; lastKnownFileType = sourcecode.swift; path = SearchViewModel.swift; sourceTree = "<group>"; };
		8280EA732B1D2AB700AC0C65 /* LoginView.swift */ = {isa = PBXFileReference; lastKnownFileType = sourcecode.swift; path = LoginView.swift; sourceTree = "<group>"; };
		8280EA752B1D2AC700AC0C65 /* RegistrationView.swift */ = {isa = PBXFileReference; lastKnownFileType = sourcecode.swift; path = RegistrationView.swift; sourceTree = "<group>"; };
		8280EA772B1D2AD200AC0C65 /* ResetPasswordView.swift */ = {isa = PBXFileReference; lastKnownFileType = sourcecode.swift; path = ResetPasswordView.swift; sourceTree = "<group>"; };
		8280EA792B1D2DD100AC0C65 /* CustomTextField.swift */ = {isa = PBXFileReference; lastKnownFileType = sourcecode.swift; path = CustomTextField.swift; sourceTree = "<group>"; };
		8280EA7B2B1D2DDF00AC0C65 /* CustomSecureField.swift */ = {isa = PBXFileReference; lastKnownFileType = sourcecode.swift; path = CustomSecureField.swift; sourceTree = "<group>"; };
		828283B92B373AC90044FD39 /* User.swift */ = {isa = PBXFileReference; lastKnownFileType = sourcecode.swift; path = User.swift; sourceTree = "<group>"; };
		828283BB2B373AD20044FD39 /* Post.swift */ = {isa = PBXFileReference; lastKnownFileType = sourcecode.swift; path = Post.swift; sourceTree = "<group>"; };
		828283C02B373BFF0044FD39 /* FeedViewModel.swift */ = {isa = PBXFileReference; lastKnownFileType = sourcecode.swift; path = FeedViewModel.swift; sourceTree = "<group>"; };
		828283C22B3745BD0044FD39 /* PostGridViewModel.swift */ = {isa = PBXFileReference; lastKnownFileType = sourcecode.swift; path = PostGridViewModel.swift; sourceTree = "<group>"; };
		8286D1382B333BCC00144980 /* GoogleService-Info.plist */ = {isa = PBXFileReference; fileEncoding = 4; lastKnownFileType = text.plist.xml; path = "GoogleService-Info.plist"; sourceTree = "<group>"; };
		82A8244E2B3952E50015B629 /* FeedCellViewModel.swift */ = {isa = PBXFileReference; lastKnownFileType = sourcecode.swift; path = FeedCellViewModel.swift; sourceTree = "<group>"; };
		82BCF06B2B39AE33001C3EC8 /* Comment.swift */ = {isa = PBXFileReference; lastKnownFileType = sourcecode.swift; path = Comment.swift; sourceTree = "<group>"; };
		82BCF06D2B39AE43001C3EC8 /* CommentsView.swift */ = {isa = PBXFileReference; lastKnownFileType = sourcecode.swift; path = CommentsView.swift; sourceTree = "<group>"; };
		82BCF06F2B39AE51001C3EC8 /* CommentCell.swift */ = {isa = PBXFileReference; lastKnownFileType = sourcecode.swift; path = CommentCell.swift; sourceTree = "<group>"; };
		82BCF0712B39AE64001C3EC8 /* CommentViewModel.swift */ = {isa = PBXFileReference; lastKnownFileType = sourcecode.swift; path = CommentViewModel.swift; sourceTree = "<group>"; };
		82BCF0732B39B172001C3EC8 /* CustomInputView.swift */ = {isa = PBXFileReference; lastKnownFileType = sourcecode.swift; path = CustomInputView.swift; sourceTree = "<group>"; };
		82CD63042B353E3500187658 /* UploadPostViewModel.swift */ = {isa = PBXFileReference; lastKnownFileType = sourcecode.swift; path = UploadPostViewModel.swift; sourceTree = "<group>"; };
		82CFA9522B143360006CF7A7 /* ProfileHeaderView.swift */ = {isa = PBXFileReference; lastKnownFileType = sourcecode.swift; path = ProfileHeaderView.swift; sourceTree = "<group>"; };
		82CFA9542B1437AA006CF7A7 /* UserStatView.swift */ = {isa = PBXFileReference; lastKnownFileType = sourcecode.swift; path = UserStatView.swift; sourceTree = "<group>"; };
		82CFA9562B14390E006CF7A7 /* ProfileActionButton.swift */ = {isa = PBXFileReference; lastKnownFileType = sourcecode.swift; path = ProfileActionButton.swift; sourceTree = "<group>"; };
		82D78C642B25ACA60057A01A /* AuthViewModel.swift */ = {isa = PBXFileReference; lastKnownFileType = sourcecode.swift; path = AuthViewModel.swift; sourceTree = "<group>"; };
		82D78C662B25D67A0057A01A /* ImageUploader.swift */ = {isa = PBXFileReference; lastKnownFileType = sourcecode.swift; path = ImageUploader.swift; sourceTree = "<group>"; };
		82E25EE92B35FCD40052276E /* TextArea.swift */ = {isa = PBXFileReference; lastKnownFileType = sourcecode.swift; path = TextArea.swift; sourceTree = "<group>"; };
		82E6174C2B41ADC50046C36F /* Notification.swift */ = {isa = PBXFileReference; lastKnownFileType = sourcecode.swift; path = Notification.swift; sourceTree = "<group>"; };
		82E6174F2B41AFC00046C36F /* NotificationViewModel.swift */ = {isa = PBXFileReference; lastKnownFileType = sourcecode.swift; path = NotificationViewModel.swift; sourceTree = "<group>"; };
		82F973E22B0A2EDD000A2FBA /* InstagramSwiftUITutorial.app */ = {isa = PBXFileReference; explicitFileType = wrapper.application; includeInIndex = 0; path = InstagramSwiftUITutorial.app; sourceTree = BUILT_PRODUCTS_DIR; };
		82F973E52B0A2EDD000A2FBA /* InstagramSwiftUITutorialApp.swift */ = {isa = PBXFileReference; lastKnownFileType = sourcecode.swift; path = InstagramSwiftUITutorialApp.swift; sourceTree = "<group>"; };
		82F973E92B0A2EDF000A2FBA /* Assets.xcassets */ = {isa = PBXFileReference; lastKnownFileType = folder.assetcatalog; path = Assets.xcassets; sourceTree = "<group>"; };
		82F973EC2B0A2EDF000A2FBA /* Preview Assets.xcassets */ = {isa = PBXFileReference; lastKnownFileType = folder.assetcatalog; path = "Preview Assets.xcassets"; sourceTree = "<group>"; };
		82F973FA2B0A3168000A2FBA /* ContentView.swift */ = {isa = PBXFileReference; lastKnownFileType = sourcecode.swift; path = ContentView.swift; sourceTree = "<group>"; };
		82F974072B0A3351000A2FBA /* MainTabView.swift */ = {isa = PBXFileReference; lastKnownFileType = sourcecode.swift; path = MainTabView.swift; sourceTree = "<group>"; };
		82F9740A2B0A33AA000A2FBA /* FeedView.swift */ = {isa = PBXFileReference; lastKnownFileType = sourcecode.swift; path = FeedView.swift; sourceTree = "<group>"; };
		82F9740C2B0A33EA000A2FBA /* SearchView.swift */ = {isa = PBXFileReference; lastKnownFileType = sourcecode.swift; path = SearchView.swift; sourceTree = "<group>"; };
		82F9740E2B0A33FB000A2FBA /* ProfileView.swift */ = {isa = PBXFileReference; lastKnownFileType = sourcecode.swift; path = ProfileView.swift; sourceTree = "<group>"; };
		82F974102B0A341A000A2FBA /* NotificationView.swift */ = {isa = PBXFileReference; lastKnownFileType = sourcecode.swift; path = NotificationView.swift; sourceTree = "<group>"; };
		82F974122B0A3429000A2FBA /* UploadPostView.swift */ = {isa = PBXFileReference; lastKnownFileType = sourcecode.swift; path = UploadPostView.swift; sourceTree = "<group>"; };
		82F974142B0A3890000A2FBA /* FeedCell.swift */ = {isa = PBXFileReference; lastKnownFileType = sourcecode.swift; path = FeedCell.swift; sourceTree = "<group>"; };
		82F974162B0A4841000A2FBA /* SearchBar.swift */ = {isa = PBXFileReference; lastKnownFileType = sourcecode.swift; path = SearchBar.swift; sourceTree = "<group>"; };
		82F974182B0A4B98000A2FBA /* PostGridView.swift */ = {isa = PBXFileReference; lastKnownFileType = sourcecode.swift; path = PostGridView.swift; sourceTree = "<group>"; };
		82F9741A2B0A4D5E000A2FBA /* UserCell.swift */ = {isa = PBXFileReference; lastKnownFileType = sourcecode.swift; path = UserCell.swift; sourceTree = "<group>"; };
		82F9741C2B0A4D67000A2FBA /* UserListView.swift */ = {isa = PBXFileReference; lastKnownFileType = sourcecode.swift; path = UserListView.swift; sourceTree = "<group>"; };
		82F9741E2B0A52F2000A2FBA /* Extensions.swift */ = {isa = PBXFileReference; lastKnownFileType = sourcecode.swift; path = Extensions.swift; sourceTree = "<group>"; };
		82F974202B0A558E000A2FBA /* NotificationCell.swift */ = {isa = PBXFileReference; lastKnownFileType = sourcecode.swift; path = NotificationCell.swift; sourceTree = "<group>"; };
/* End PBXFileReference section */

/* Begin PBXFrameworksBuildPhase section */
		82F973DF2B0A2EDD000A2FBA /* Frameworks */ = {
			isa = PBXFrameworksBuildPhase;
			buildActionMask = 2147483647;
			files = (
				82D78C4A2B259F080057A01A /* FirebaseDatabase in Frameworks */,
				82D78C932B25DB440057A01A /* FirebasePerformance in Frameworks */,
				82D78C582B259F080057A01A /* FirebaseFunctionsCombine-Community in Frameworks */,
				82D78C8D2B25DB440057A01A /* FirebaseInAppMessagingSwift-Beta in Frameworks */,
				82D78C872B25DB440057A01A /* FirebaseFunctions in Frameworks */,
				82D78C502B259F080057A01A /* FirebaseFirestore in Frameworks */,
				82D78C3C2B259F080057A01A /* FirebaseAnalyticsSwift in Frameworks */,
				82D78C382B259F080057A01A /* FirebaseAnalytics in Frameworks */,
				82D78C3A2B259F080057A01A /* FirebaseAnalyticsOnDeviceConversion in Frameworks */,
				82D78C7B2B25DB440057A01A /* FirebaseDatabase in Frameworks */,
				82D78C692B25DB440057A01A /* FirebaseAnalytics in Frameworks */,
				82D78C992B25DB440057A01A /* FirebaseStorage in Frameworks */,
				82D78C952B25DB440057A01A /* FirebaseRemoteConfig in Frameworks */,
				82D78C972B25DB440057A01A /* FirebaseRemoteConfigSwift in Frameworks */,
				82D78C542B259F080057A01A /* FirebaseFirestoreSwift in Frameworks */,
				82D78C9B2B25DB440057A01A /* FirebaseStorageCombine-Community in Frameworks */,
				82D78C732B25DB440057A01A /* FirebaseAppDistribution-Beta in Frameworks */,
				82D78C8F2B25DB440057A01A /* FirebaseInstallations in Frameworks */,
				82D78C892B25DB440057A01A /* FirebaseFunctionsCombine-Community in Frameworks */,
				82D78C402B259F080057A01A /* FirebaseAppCheck in Frameworks */,
				82D78C3E2B259F080057A01A /* FirebaseAnalyticsWithoutAdIdSupport in Frameworks */,
				82D78C612B259F530057A01A /* Kingfisher in Frameworks */,
				82D78C832B25DB440057A01A /* FirebaseFirestoreCombine-Community in Frameworks */,
				82D78C772B25DB440057A01A /* FirebaseAuthCombine-Community in Frameworks */,
				82D78C442B259F080057A01A /* FirebaseAuth in Frameworks */,
				82D78C6D2B25DB440057A01A /* FirebaseAnalyticsSwift in Frameworks */,
				82D78C482B259F080057A01A /* FirebaseCrashlytics in Frameworks */,
				82D78C712B25DB440057A01A /* FirebaseAppCheck in Frameworks */,
				82D78C5A2B259F080057A01A /* FirebaseInAppMessaging-Beta in Frameworks */,
				82D78C4C2B259F080057A01A /* FirebaseDatabaseSwift in Frameworks */,
				82D78C562B259F080057A01A /* FirebaseFunctions in Frameworks */,
				82D78C812B25DB440057A01A /* FirebaseFirestore in Frameworks */,
				82D78C752B25DB440057A01A /* FirebaseAuth in Frameworks */,
				82D78C8B2B25DB440057A01A /* FirebaseInAppMessaging-Beta in Frameworks */,
				82D78C422B259F080057A01A /* FirebaseAppDistribution-Beta in Frameworks */,
				82D78C912B25DB440057A01A /* FirebaseMessaging in Frameworks */,
				82D78C7F2B25DB440057A01A /* FirebaseDynamicLinks in Frameworks */,
				82D78C6B2B25DB440057A01A /* FirebaseAnalyticsOnDeviceConversion in Frameworks */,
				82D78C7D2B25DB440057A01A /* FirebaseDatabaseSwift in Frameworks */,
				82D78C462B259F080057A01A /* FirebaseAuthCombine-Community in Frameworks */,
				82D78C5C2B259F080057A01A /* FirebaseInAppMessagingSwift-Beta in Frameworks */,
				82D78C6F2B25DB440057A01A /* FirebaseAnalyticsWithoutAdIdSupport in Frameworks */,
				82D78C4E2B259F080057A01A /* FirebaseDynamicLinks in Frameworks */,
				82D78C792B25DB440057A01A /* FirebaseCrashlytics in Frameworks */,
				82D78C522B259F080057A01A /* FirebaseFirestoreCombine-Community in Frameworks */,
				82D78C5E2B259F080057A01A /* FirebaseInstallations in Frameworks */,
				82D78C852B25DB440057A01A /* FirebaseFirestoreSwift in Frameworks */,
			);
			runOnlyForDeploymentPostprocessing = 0;
		};
/* End PBXFrameworksBuildPhase section */

/* Begin PBXGroup section */
		828283B82B373A920044FD39 /* Model */ = {
			isa = PBXGroup;
			children = (
				828283B92B373AC90044FD39 /* User.swift */,
				828283BB2B373AD20044FD39 /* Post.swift */,
				82BCF06B2B39AE33001C3EC8 /* Comment.swift */,
				82E6174C2B41ADC50046C36F /* Notification.swift */,
			);
			path = Model;
			sourceTree = "<group>";
		};
		828283BF2B373BF60044FD39 /* Feed */ = {
			isa = PBXGroup;
			children = (
				828283C02B373BFF0044FD39 /* FeedViewModel.swift */,
				82A8244E2B3952E50015B629 /* FeedCellViewModel.swift */,
			);
			path = Feed;
			sourceTree = "<group>";
		};
		82BCF06A2B39AE01001C3EC8 /* Comments */ = {
			isa = PBXGroup;
			children = (
				82BCF06D2B39AE43001C3EC8 /* CommentsView.swift */,
				82BCF06F2B39AE51001C3EC8 /* CommentCell.swift */,
			);
			path = Comments;
			sourceTree = "<group>";
		};
		82E6174E2B41AFB20046C36F /* Notifications */ = {
			isa = PBXGroup;
			children = (
				82E6174F2B41AFC00046C36F /* NotificationViewModel.swift */,
				821D726F2B42A1F40086E091 /* NotificationCellViewModel.swift */,
			);
			path = Notifications;
			sourceTree = "<group>";
		};
		82F973D92B0A2EDD000A2FBA = {
			isa = PBXGroup;
			children = (
				82F973E42B0A2EDD000A2FBA /* InstagramSwiftUITutorial */,
				82F973E32B0A2EDD000A2FBA /* Products */,
			);
			sourceTree = "<group>";
		};
		82F973E32B0A2EDD000A2FBA /* Products */ = {
			isa = PBXGroup;
			children = (
				82F973E22B0A2EDD000A2FBA /* InstagramSwiftUITutorial.app */,
			);
			name = Products;
			sourceTree = "<group>";
		};
		82F973E42B0A2EDD000A2FBA /* InstagramSwiftUITutorial */ = {
			isa = PBXGroup;
			children = (
				8286D1382B333BCC00144980 /* GoogleService-Info.plist */,
				828283B82B373A920044FD39 /* Model */,
				82F973F62B0A30C3000A2FBA /* View */,
				82F973F52B0A30BF000A2FBA /* ViewModel */,
				82F973F32B0A3098000A2FBA /* API */,
				82F973F82B0A3108000A2FBA /* Utils */,
				82F973E52B0A2EDD000A2FBA /* InstagramSwiftUITutorialApp.swift */,
				82F973E92B0A2EDF000A2FBA /* Assets.xcassets */,
				82F973EB2B0A2EDF000A2FBA /* Preview Content */,
			);
			path = InstagramSwiftUITutorial;
			sourceTree = "<group>";
		};
		82F973EB2B0A2EDF000A2FBA /* Preview Content */ = {
			isa = PBXGroup;
			children = (
				82F973EC2B0A2EDF000A2FBA /* Preview Assets.xcassets */,
			);
			path = "Preview Content";
			sourceTree = "<group>";
		};
		82F973F32B0A3098000A2FBA /* API */ = {
			isa = PBXGroup;
			children = (
				82D78C662B25D67A0057A01A /* ImageUploader.swift */,
				8226798F2B3343E400A5EE77 /* UserService.swift */,
			);
			path = API;
			sourceTree = "<group>";
		};
		82F973F52B0A30BF000A2FBA /* ViewModel */ = {
			isa = PBXGroup;
			children = (
				82E6174E2B41AFB20046C36F /* Notifications */,
				828283BF2B373BF60044FD39 /* Feed */,
				82742FE92B2F593100B517DF /* SearchViewModel.swift */,
				82F974062B0A3205000A2FBA /* Profile */,
				82F974052B0A31F8000A2FBA /* Authentication */,
				82CD63042B353E3500187658 /* UploadPostViewModel.swift */,
				828283C22B3745BD0044FD39 /* PostGridViewModel.swift */,
				82BCF0712B39AE64001C3EC8 /* CommentViewModel.swift */,
			);
			path = ViewModel;
			sourceTree = "<group>";
		};
		82F973F62B0A30C3000A2FBA /* View */ = {
			isa = PBXGroup;
			children = (
				82BCF06A2B39AE01001C3EC8 /* Comments */,
				82F974092B0A339B000A2FBA /* Feed */,
				82F974022B0A31B0000A2FBA /* Items */,
				82F974012B0A31A4000A2FBA /* Authentication */,
				82F974002B0A3197000A2FBA /* Notifications */,
				82F973FF2B0A3190000A2FBA /* Search */,
				82F973FD2B0A3183000A2FBA /* Profile */,
				82F973FC2B0A3179000A2FBA /* UploadPost */,
				82F973F92B0A3155000A2FBA /* Main */,
			);
			path = View;
			sourceTree = "<group>";
		};
		82F973F82B0A3108000A2FBA /* Utils */ = {
			isa = PBXGroup;
			children = (
				82F9741E2B0A52F2000A2FBA /* Extensions.swift */,
				826318AC2B19545400B970AA /* ImagePicker.swift */,
				8280EA792B1D2DD100AC0C65 /* CustomTextField.swift */,
				8280EA7B2B1D2DDF00AC0C65 /* CustomSecureField.swift */,
				82742FE52B2F529300B517DF /* Constants.swift */,
				82E25EE92B35FCD40052276E /* TextArea.swift */,
			);
			path = Utils;
			sourceTree = "<group>";
		};
		82F973F92B0A3155000A2FBA /* Main */ = {
			isa = PBXGroup;
			children = (
				82F973FA2B0A3168000A2FBA /* ContentView.swift */,
				82F974072B0A3351000A2FBA /* MainTabView.swift */,
			);
			path = Main;
			sourceTree = "<group>";
		};
		82F973FC2B0A3179000A2FBA /* UploadPost */ = {
			isa = PBXGroup;
			children = (
				82F974122B0A3429000A2FBA /* UploadPostView.swift */,
			);
			path = UploadPost;
			sourceTree = "<group>";
		};
		82F973FD2B0A3183000A2FBA /* Profile */ = {
			isa = PBXGroup;
			children = (
				82F9740E2B0A33FB000A2FBA /* ProfileView.swift */,
				82CFA9562B14390E006CF7A7 /* ProfileActionButton.swift */,
				82CFA9542B1437AA006CF7A7 /* UserStatView.swift */,
				82CFA9522B143360006CF7A7 /* ProfileHeaderView.swift */,
			);
			path = Profile;
			sourceTree = "<group>";
		};
		82F973FF2B0A3190000A2FBA /* Search */ = {
			isa = PBXGroup;
			children = (
				82F9740C2B0A33EA000A2FBA /* SearchView.swift */,
				82F974162B0A4841000A2FBA /* SearchBar.swift */,
			);
			path = Search;
			sourceTree = "<group>";
		};
		82F974002B0A3197000A2FBA /* Notifications */ = {
			isa = PBXGroup;
			children = (
				82F974102B0A341A000A2FBA /* NotificationView.swift */,
				82F974202B0A558E000A2FBA /* NotificationCell.swift */,
			);
			path = Notifications;
			sourceTree = "<group>";
		};
		82F974012B0A31A4000A2FBA /* Authentication */ = {
			isa = PBXGroup;
			children = (
				8280EA732B1D2AB700AC0C65 /* LoginView.swift */,
				8280EA752B1D2AC700AC0C65 /* RegistrationView.swift */,
				8280EA772B1D2AD200AC0C65 /* ResetPasswordView.swift */,
			);
			path = Authentication;
			sourceTree = "<group>";
		};
		82F974022B0A31B0000A2FBA /* Items */ = {
			isa = PBXGroup;
			children = (
				82F974182B0A4B98000A2FBA /* PostGridView.swift */,
				82F9741A2B0A4D5E000A2FBA /* UserCell.swift */,
				82F9741C2B0A4D67000A2FBA /* UserListView.swift */,
				82BCF0732B39B172001C3EC8 /* CustomInputView.swift */,
			);
			path = Items;
			sourceTree = "<group>";
		};
		82F974052B0A31F8000A2FBA /* Authentication */ = {
			isa = PBXGroup;
			children = (
				82D78C642B25ACA60057A01A /* AuthViewModel.swift */,
			);
			path = Authentication;
			sourceTree = "<group>";
		};
		82F974062B0A3205000A2FBA /* Profile */ = {
			isa = PBXGroup;
			children = (
				8226798D2B333E8600A5EE77 /* ProfileViewModel.swift */,
			);
			path = Profile;
			sourceTree = "<group>";
		};
		82F974092B0A339B000A2FBA /* Feed */ = {
			isa = PBXGroup;
			children = (
				82F9740A2B0A33AA000A2FBA /* FeedView.swift */,
				82F974142B0A3890000A2FBA /* FeedCell.swift */,
			);
			path = Feed;
			sourceTree = "<group>";
		};
/* End PBXGroup section */

/* Begin PBXNativeTarget section */
		82F973E12B0A2EDD000A2FBA /* InstagramSwiftUITutorial */ = {
			isa = PBXNativeTarget;
			buildConfigurationList = 82F973F02B0A2EDF000A2FBA /* Build configuration list for PBXNativeTarget "InstagramSwiftUITutorial" */;
			buildPhases = (
				82F973DE2B0A2EDD000A2FBA /* Sources */,
				82F973DF2B0A2EDD000A2FBA /* Frameworks */,
				82F973E02B0A2EDD000A2FBA /* Resources */,
			);
			buildRules = (
			);
			dependencies = (
			);
			name = InstagramSwiftUITutorial;
			packageProductDependencies = (
				82D78C372B259F080057A01A /* FirebaseAnalytics */,
				82D78C392B259F080057A01A /* FirebaseAnalyticsOnDeviceConversion */,
				82D78C3B2B259F080057A01A /* FirebaseAnalyticsSwift */,
				82D78C3D2B259F080057A01A /* FirebaseAnalyticsWithoutAdIdSupport */,
				82D78C3F2B259F080057A01A /* FirebaseAppCheck */,
				82D78C412B259F080057A01A /* FirebaseAppDistribution-Beta */,
				82D78C432B259F080057A01A /* FirebaseAuth */,
				82D78C452B259F080057A01A /* FirebaseAuthCombine-Community */,
				82D78C472B259F080057A01A /* FirebaseCrashlytics */,
				82D78C492B259F080057A01A /* FirebaseDatabase */,
				82D78C4B2B259F080057A01A /* FirebaseDatabaseSwift */,
				82D78C4D2B259F080057A01A /* FirebaseDynamicLinks */,
				82D78C4F2B259F080057A01A /* FirebaseFirestore */,
				82D78C512B259F080057A01A /* FirebaseFirestoreCombine-Community */,
				82D78C532B259F080057A01A /* FirebaseFirestoreSwift */,
				82D78C552B259F080057A01A /* FirebaseFunctions */,
				82D78C572B259F080057A01A /* FirebaseFunctionsCombine-Community */,
				82D78C592B259F080057A01A /* FirebaseInAppMessaging-Beta */,
				82D78C5B2B259F080057A01A /* FirebaseInAppMessagingSwift-Beta */,
				82D78C5D2B259F080057A01A /* FirebaseInstallations */,
				82D78C602B259F530057A01A /* Kingfisher */,
				82D78C682B25DB440057A01A /* FirebaseAnalytics */,
				82D78C6A2B25DB440057A01A /* FirebaseAnalyticsOnDeviceConversion */,
				82D78C6C2B25DB440057A01A /* FirebaseAnalyticsSwift */,
				82D78C6E2B25DB440057A01A /* FirebaseAnalyticsWithoutAdIdSupport */,
				82D78C702B25DB440057A01A /* FirebaseAppCheck */,
				82D78C722B25DB440057A01A /* FirebaseAppDistribution-Beta */,
				82D78C742B25DB440057A01A /* FirebaseAuth */,
				82D78C762B25DB440057A01A /* FirebaseAuthCombine-Community */,
				82D78C782B25DB440057A01A /* FirebaseCrashlytics */,
				82D78C7A2B25DB440057A01A /* FirebaseDatabase */,
				82D78C7C2B25DB440057A01A /* FirebaseDatabaseSwift */,
				82D78C7E2B25DB440057A01A /* FirebaseDynamicLinks */,
				82D78C802B25DB440057A01A /* FirebaseFirestore */,
				82D78C822B25DB440057A01A /* FirebaseFirestoreCombine-Community */,
				82D78C842B25DB440057A01A /* FirebaseFirestoreSwift */,
				82D78C862B25DB440057A01A /* FirebaseFunctions */,
				82D78C882B25DB440057A01A /* FirebaseFunctionsCombine-Community */,
				82D78C8A2B25DB440057A01A /* FirebaseInAppMessaging-Beta */,
				82D78C8C2B25DB440057A01A /* FirebaseInAppMessagingSwift-Beta */,
				82D78C8E2B25DB440057A01A /* FirebaseInstallations */,
				82D78C902B25DB440057A01A /* FirebaseMessaging */,
				82D78C922B25DB440057A01A /* FirebasePerformance */,
				82D78C942B25DB440057A01A /* FirebaseRemoteConfig */,
				82D78C962B25DB440057A01A /* FirebaseRemoteConfigSwift */,
				82D78C982B25DB440057A01A /* FirebaseStorage */,
				82D78C9A2B25DB440057A01A /* FirebaseStorageCombine-Community */,
			);
			productName = InstagramSwiftUITutorial;
			productReference = 82F973E22B0A2EDD000A2FBA /* InstagramSwiftUITutorial.app */;
			productType = "com.apple.product-type.application";
		};
/* End PBXNativeTarget section */

/* Begin PBXProject section */
		82F973DA2B0A2EDD000A2FBA /* Project object */ = {
			isa = PBXProject;
			attributes = {
				BuildIndependentTargetsInParallel = 1;
				LastSwiftUpdateCheck = 1500;
				LastUpgradeCheck = 1500;
				TargetAttributes = {
					82F973E12B0A2EDD000A2FBA = {
						CreatedOnToolsVersion = 15.0.1;
					};
				};
			};
			buildConfigurationList = 82F973DD2B0A2EDD000A2FBA /* Build configuration list for PBXProject "InstagramSwiftUITutorial" */;
			compatibilityVersion = "Xcode 14.0";
			developmentRegion = en;
			hasScannedForEncodings = 0;
			knownRegions = (
				en,
				Base,
			);
			mainGroup = 82F973D92B0A2EDD000A2FBA;
			packageReferences = (
				82D78C362B259F080057A01A /* XCRemoteSwiftPackageReference "firebase-ios-sdk" */,
				82D78C5F2B259F530057A01A /* XCRemoteSwiftPackageReference "Kingfisher" */,
			);
			productRefGroup = 82F973E32B0A2EDD000A2FBA /* Products */;
			projectDirPath = "";
			projectRoot = "";
			targets = (
				82F973E12B0A2EDD000A2FBA /* InstagramSwiftUITutorial */,
			);
		};
/* End PBXProject section */

/* Begin PBXResourcesBuildPhase section */
		82F973E02B0A2EDD000A2FBA /* Resources */ = {
			isa = PBXResourcesBuildPhase;
			buildActionMask = 2147483647;
			files = (
				82F973ED2B0A2EDF000A2FBA /* Preview Assets.xcassets in Resources */,
				82F973EA2B0A2EDF000A2FBA /* Assets.xcassets in Resources */,
				8286D1392B333BCC00144980 /* GoogleService-Info.plist in Resources */,
			);
			runOnlyForDeploymentPostprocessing = 0;
		};
/* End PBXResourcesBuildPhase section */

/* Begin PBXSourcesBuildPhase section */
		82F973DE2B0A2EDD000A2FBA /* Sources */ = {
			isa = PBXSourcesBuildPhase;
			buildActionMask = 2147483647;
			files = (
				828283C12B373BFF0044FD39 /* FeedViewModel.swift in Sources */,
				82E617502B41AFC00046C36F /* NotificationViewModel.swift in Sources */,
				82F9740D2B0A33EA000A2FBA /* SearchView.swift in Sources */,
				82F9740B2B0A33AA000A2FBA /* FeedView.swift in Sources */,
				82F974192B0A4B98000A2FBA /* PostGridView.swift in Sources */,
				8280EA762B1D2AC700AC0C65 /* RegistrationView.swift in Sources */,
				8280EA7A2B1D2DD100AC0C65 /* CustomTextField.swift in Sources */,
				82D78C672B25D67A0057A01A /* ImageUploader.swift in Sources */,
				82CFA9572B14390E006CF7A7 /* ProfileActionButton.swift in Sources */,
				82F974112B0A341A000A2FBA /* NotificationView.swift in Sources */,
				82F973FB2B0A3168000A2FBA /* ContentView.swift in Sources */,
				828283C32B3745BD0044FD39 /* PostGridViewModel.swift in Sources */,
				8280EA782B1D2AD200AC0C65 /* ResetPasswordView.swift in Sources */,
				82F973E62B0A2EDD000A2FBA /* InstagramSwiftUITutorialApp.swift in Sources */,
				82CD63052B353E3500187658 /* UploadPostViewModel.swift in Sources */,
				826318AD2B19545500B970AA /* ImagePicker.swift in Sources */,
				82BCF0722B39AE64001C3EC8 /* CommentViewModel.swift in Sources */,
				82BCF0702B39AE51001C3EC8 /* CommentCell.swift in Sources */,
				82E25EEA2B35FCD40052276E /* TextArea.swift in Sources */,
				82F974132B0A3429000A2FBA /* UploadPostView.swift in Sources */,
				822679902B3343E400A5EE77 /* UserService.swift in Sources */,
				82BCF0742B39B172001C3EC8 /* CustomInputView.swift in Sources */,
				82CFA9532B143360006CF7A7 /* ProfileHeaderView.swift in Sources */,
				82F9740F2B0A33FB000A2FBA /* ProfileView.swift in Sources */,
				82CFA9552B1437AA006CF7A7 /* UserStatView.swift in Sources */,
				82F9741B2B0A4D5E000A2FBA /* UserCell.swift in Sources */,
				8280EA7C2B1D2DDF00AC0C65 /* CustomSecureField.swift in Sources */,
				82BCF06E2B39AE43001C3EC8 /* CommentsView.swift in Sources */,
				82A8244F2B3952E50015B629 /* FeedCellViewModel.swift in Sources */,
				828283BC2B373AD20044FD39 /* Post.swift in Sources */,
				82742FEA2B2F593100B517DF /* SearchViewModel.swift in Sources */,
				82F974172B0A4841000A2FBA /* SearchBar.swift in Sources */,
				82F974082B0A3351000A2FBA /* MainTabView.swift in Sources */,
				82F974152B0A3890000A2FBA /* FeedCell.swift in Sources */,
				82D78C652B25ACA60057A01A /* AuthViewModel.swift in Sources */,
				8226798E2B333E8600A5EE77 /* ProfileViewModel.swift in Sources */,
				82F9741D2B0A4D67000A2FBA /* UserListView.swift in Sources */,
				82F974212B0A558E000A2FBA /* NotificationCell.swift in Sources */,
				8280EA742B1D2AB700AC0C65 /* LoginView.swift in Sources */,
				82F9741F2B0A52F2000A2FBA /* Extensions.swift in Sources */,
				82E6174D2B41ADC50046C36F /* Notification.swift in Sources */,
				821D72702B42A1F40086E091 /* NotificationCellViewModel.swift in Sources */,
				82BCF06C2B39AE33001C3EC8 /* Comment.swift in Sources */,
				82742FE62B2F529300B517DF /* Constants.swift in Sources */,
				828283BA2B373ACA0044FD39 /* User.swift in Sources */,
			);
			runOnlyForDeploymentPostprocessing = 0;
		};
/* End PBXSourcesBuildPhase section */

/* Begin XCBuildConfiguration section */
		82F973EE2B0A2EDF000A2FBA /* Debug */ = {
			isa = XCBuildConfiguration;
			buildSettings = {
				ALWAYS_SEARCH_USER_PATHS = NO;
				ASSETCATALOG_COMPILER_GENERATE_SWIFT_ASSET_SYMBOL_EXTENSIONS = YES;
				CLANG_ANALYZER_NONNULL = YES;
				CLANG_ANALYZER_NUMBER_OBJECT_CONVERSION = YES_AGGRESSIVE;
				CLANG_CXX_LANGUAGE_STANDARD = "gnu++20";
				CLANG_ENABLE_MODULES = YES;
				CLANG_ENABLE_OBJC_ARC = YES;
				CLANG_ENABLE_OBJC_WEAK = YES;
				CLANG_WARN_BLOCK_CAPTURE_AUTORELEASING = YES;
				CLANG_WARN_BOOL_CONVERSION = YES;
				CLANG_WARN_COMMA = YES;
				CLANG_WARN_CONSTANT_CONVERSION = YES;
				CLANG_WARN_DEPRECATED_OBJC_IMPLEMENTATIONS = YES;
				CLANG_WARN_DIRECT_OBJC_ISA_USAGE = YES_ERROR;
				CLANG_WARN_DOCUMENTATION_COMMENTS = YES;
				CLANG_WARN_EMPTY_BODY = YES;
				CLANG_WARN_ENUM_CONVERSION = YES;
				CLANG_WARN_INFINITE_RECURSION = YES;
				CLANG_WARN_INT_CONVERSION = YES;
				CLANG_WARN_NON_LITERAL_NULL_CONVERSION = YES;
				CLANG_WARN_OBJC_IMPLICIT_RETAIN_SELF = YES;
				CLANG_WARN_OBJC_LITERAL_CONVERSION = YES;
				CLANG_WARN_OBJC_ROOT_CLASS = YES_ERROR;
				CLANG_WARN_QUOTED_INCLUDE_IN_FRAMEWORK_HEADER = YES;
				CLANG_WARN_RANGE_LOOP_ANALYSIS = YES;
				CLANG_WARN_STRICT_PROTOTYPES = YES;
				CLANG_WARN_SUSPICIOUS_MOVE = YES;
				CLANG_WARN_UNGUARDED_AVAILABILITY = YES_AGGRESSIVE;
				CLANG_WARN_UNREACHABLE_CODE = YES;
				CLANG_WARN__DUPLICATE_METHOD_MATCH = YES;
				COPY_PHASE_STRIP = NO;
				DEBUG_INFORMATION_FORMAT = dwarf;
				ENABLE_STRICT_OBJC_MSGSEND = YES;
				ENABLE_TESTABILITY = YES;
				ENABLE_USER_SCRIPT_SANDBOXING = YES;
				GCC_C_LANGUAGE_STANDARD = gnu17;
				GCC_DYNAMIC_NO_PIC = NO;
				GCC_NO_COMMON_BLOCKS = YES;
				GCC_OPTIMIZATION_LEVEL = 0;
				GCC_PREPROCESSOR_DEFINITIONS = (
					"DEBUG=1",
					"$(inherited)",
				);
				GCC_WARN_64_TO_32_BIT_CONVERSION = YES;
				GCC_WARN_ABOUT_RETURN_TYPE = YES_ERROR;
				GCC_WARN_UNDECLARED_SELECTOR = YES;
				GCC_WARN_UNINITIALIZED_AUTOS = YES_AGGRESSIVE;
				GCC_WARN_UNUSED_FUNCTION = YES;
				GCC_WARN_UNUSED_VARIABLE = YES;
				IPHONEOS_DEPLOYMENT_TARGET = 17.0;
				LOCALIZATION_PREFERS_STRING_CATALOGS = YES;
				MTL_ENABLE_DEBUG_INFO = INCLUDE_SOURCE;
				MTL_FAST_MATH = YES;
				ONLY_ACTIVE_ARCH = YES;
				SDKROOT = iphoneos;
				SWIFT_ACTIVE_COMPILATION_CONDITIONS = "DEBUG $(inherited)";
				SWIFT_OPTIMIZATION_LEVEL = "-Onone";
			};
			name = Debug;
		};
		82F973EF2B0A2EDF000A2FBA /* Release */ = {
			isa = XCBuildConfiguration;
			buildSettings = {
				ALWAYS_SEARCH_USER_PATHS = NO;
				ASSETCATALOG_COMPILER_GENERATE_SWIFT_ASSET_SYMBOL_EXTENSIONS = YES;
				CLANG_ANALYZER_NONNULL = YES;
				CLANG_ANALYZER_NUMBER_OBJECT_CONVERSION = YES_AGGRESSIVE;
				CLANG_CXX_LANGUAGE_STANDARD = "gnu++20";
				CLANG_ENABLE_MODULES = YES;
				CLANG_ENABLE_OBJC_ARC = YES;
				CLANG_ENABLE_OBJC_WEAK = YES;
				CLANG_WARN_BLOCK_CAPTURE_AUTORELEASING = YES;
				CLANG_WARN_BOOL_CONVERSION = YES;
				CLANG_WARN_COMMA = YES;
				CLANG_WARN_CONSTANT_CONVERSION = YES;
				CLANG_WARN_DEPRECATED_OBJC_IMPLEMENTATIONS = YES;
				CLANG_WARN_DIRECT_OBJC_ISA_USAGE = YES_ERROR;
				CLANG_WARN_DOCUMENTATION_COMMENTS = YES;
				CLANG_WARN_EMPTY_BODY = YES;
				CLANG_WARN_ENUM_CONVERSION = YES;
				CLANG_WARN_INFINITE_RECURSION = YES;
				CLANG_WARN_INT_CONVERSION = YES;
				CLANG_WARN_NON_LITERAL_NULL_CONVERSION = YES;
				CLANG_WARN_OBJC_IMPLICIT_RETAIN_SELF = YES;
				CLANG_WARN_OBJC_LITERAL_CONVERSION = YES;
				CLANG_WARN_OBJC_ROOT_CLASS = YES_ERROR;
				CLANG_WARN_QUOTED_INCLUDE_IN_FRAMEWORK_HEADER = YES;
				CLANG_WARN_RANGE_LOOP_ANALYSIS = YES;
				CLANG_WARN_STRICT_PROTOTYPES = YES;
				CLANG_WARN_SUSPICIOUS_MOVE = YES;
				CLANG_WARN_UNGUARDED_AVAILABILITY = YES_AGGRESSIVE;
				CLANG_WARN_UNREACHABLE_CODE = YES;
				CLANG_WARN__DUPLICATE_METHOD_MATCH = YES;
				COPY_PHASE_STRIP = NO;
				DEBUG_INFORMATION_FORMAT = "dwarf-with-dsym";
				ENABLE_NS_ASSERTIONS = NO;
				ENABLE_STRICT_OBJC_MSGSEND = YES;
				ENABLE_USER_SCRIPT_SANDBOXING = YES;
				GCC_C_LANGUAGE_STANDARD = gnu17;
				GCC_NO_COMMON_BLOCKS = YES;
				GCC_WARN_64_TO_32_BIT_CONVERSION = YES;
				GCC_WARN_ABOUT_RETURN_TYPE = YES_ERROR;
				GCC_WARN_UNDECLARED_SELECTOR = YES;
				GCC_WARN_UNINITIALIZED_AUTOS = YES_AGGRESSIVE;
				GCC_WARN_UNUSED_FUNCTION = YES;
				GCC_WARN_UNUSED_VARIABLE = YES;
				IPHONEOS_DEPLOYMENT_TARGET = 17.0;
				LOCALIZATION_PREFERS_STRING_CATALOGS = YES;
				MTL_ENABLE_DEBUG_INFO = NO;
				MTL_FAST_MATH = YES;
				SDKROOT = iphoneos;
				SWIFT_COMPILATION_MODE = wholemodule;
				VALIDATE_PRODUCT = YES;
			};
			name = Release;
		};
		82F973F12B0A2EDF000A2FBA /* Debug */ = {
			isa = XCBuildConfiguration;
			buildSettings = {
				ASSETCATALOG_COMPILER_APPICON_NAME = AppIcon;
				ASSETCATALOG_COMPILER_GLOBAL_ACCENT_COLOR_NAME = AccentColor;
				CODE_SIGN_STYLE = Automatic;
				CURRENT_PROJECT_VERSION = 1;
				DEVELOPMENT_ASSET_PATHS = "\"InstagramSwiftUITutorial/Preview Content\"";
				DEVELOPMENT_TEAM = SQDR264Q5Q;
				ENABLE_PREVIEWS = YES;
				GENERATE_INFOPLIST_FILE = YES;
				INFOPLIST_KEY_UIApplicationSceneManifest_Generation = YES;
				INFOPLIST_KEY_UIApplicationSupportsIndirectInputEvents = YES;
				INFOPLIST_KEY_UILaunchScreen_Generation = YES;
				INFOPLIST_KEY_UISupportedInterfaceOrientations_iPad = "UIInterfaceOrientationPortrait UIInterfaceOrientationPortraitUpsideDown UIInterfaceOrientationLandscapeLeft UIInterfaceOrientationLandscapeRight";
				INFOPLIST_KEY_UISupportedInterfaceOrientations_iPhone = "UIInterfaceOrientationPortrait UIInterfaceOrientationLandscapeLeft UIInterfaceOrientationLandscapeRight";
				LD_RUNPATH_SEARCH_PATHS = (
					"$(inherited)",
					"@executable_path/Frameworks",
				);
				MARKETING_VERSION = 1.0;
				PRODUCT_BUNDLE_IDENTIFIER = com.ios3.InstagramSwiftUITutorial;
				PRODUCT_NAME = "$(TARGET_NAME)";
				SWIFT_EMIT_LOC_STRINGS = YES;
				SWIFT_VERSION = 5.0;
				TARGETED_DEVICE_FAMILY = "1,2";
			};
			name = Debug;
		};
		82F973F22B0A2EDF000A2FBA /* Release */ = {
			isa = XCBuildConfiguration;
			buildSettings = {
				ASSETCATALOG_COMPILER_APPICON_NAME = AppIcon;
				ASSETCATALOG_COMPILER_GLOBAL_ACCENT_COLOR_NAME = AccentColor;
				CODE_SIGN_STYLE = Automatic;
				CURRENT_PROJECT_VERSION = 1;
				DEVELOPMENT_ASSET_PATHS = "\"InstagramSwiftUITutorial/Preview Content\"";
				DEVELOPMENT_TEAM = SQDR264Q5Q;
				ENABLE_PREVIEWS = YES;
				GENERATE_INFOPLIST_FILE = YES;
				INFOPLIST_KEY_UIApplicationSceneManifest_Generation = YES;
				INFOPLIST_KEY_UIApplicationSupportsIndirectInputEvents = YES;
				INFOPLIST_KEY_UILaunchScreen_Generation = YES;
				INFOPLIST_KEY_UISupportedInterfaceOrientations_iPad = "UIInterfaceOrientationPortrait UIInterfaceOrientationPortraitUpsideDown UIInterfaceOrientationLandscapeLeft UIInterfaceOrientationLandscapeRight";
				INFOPLIST_KEY_UISupportedInterfaceOrientations_iPhone = "UIInterfaceOrientationPortrait UIInterfaceOrientationLandscapeLeft UIInterfaceOrientationLandscapeRight";
				LD_RUNPATH_SEARCH_PATHS = (
					"$(inherited)",
					"@executable_path/Frameworks",
				);
				MARKETING_VERSION = 1.0;
				PRODUCT_BUNDLE_IDENTIFIER = com.ios3.InstagramSwiftUITutorial;
				PRODUCT_NAME = "$(TARGET_NAME)";
				SWIFT_EMIT_LOC_STRINGS = YES;
				SWIFT_VERSION = 5.0;
				TARGETED_DEVICE_FAMILY = "1,2";
			};
			name = Release;
		};
/* End XCBuildConfiguration section */

/* Begin XCConfigurationList section */
		82F973DD2B0A2EDD000A2FBA /* Build configuration list for PBXProject "InstagramSwiftUITutorial" */ = {
			isa = XCConfigurationList;
			buildConfigurations = (
				82F973EE2B0A2EDF000A2FBA /* Debug */,
				82F973EF2B0A2EDF000A2FBA /* Release */,
			);
			defaultConfigurationIsVisible = 0;
			defaultConfigurationName = Release;
		};
		82F973F02B0A2EDF000A2FBA /* Build configuration list for PBXNativeTarget "InstagramSwiftUITutorial" */ = {
			isa = XCConfigurationList;
			buildConfigurations = (
				82F973F12B0A2EDF000A2FBA /* Debug */,
				82F973F22B0A2EDF000A2FBA /* Release */,
			);
			defaultConfigurationIsVisible = 0;
			defaultConfigurationName = Release;
		};
/* End XCConfigurationList section */

/* Begin XCRemoteSwiftPackageReference section */
		82D78C362B259F080057A01A /* XCRemoteSwiftPackageReference "firebase-ios-sdk" */ = {
			isa = XCRemoteSwiftPackageReference;
			repositoryURL = "https://github.com/firebase/firebase-ios-sdk";
			requirement = {
				kind = upToNextMajorVersion;
				minimumVersion = 10.19.0;
			};
		};
		82D78C5F2B259F530057A01A /* XCRemoteSwiftPackageReference "Kingfisher" */ = {
			isa = XCRemoteSwiftPackageReference;
			repositoryURL = "https://github.com/onevcat/Kingfisher";
			requirement = {
				kind = upToNextMajorVersion;
				minimumVersion = 7.10.1;
			};
		};
/* End XCRemoteSwiftPackageReference section */

/* Begin XCSwiftPackageProductDependency section */
		82D78C372B259F080057A01A /* FirebaseAnalytics */ = {
			isa = XCSwiftPackageProductDependency;
			package = 82D78C362B259F080057A01A /* XCRemoteSwiftPackageReference "firebase-ios-sdk" */;
			productName = FirebaseAnalytics;
		};
		82D78C392B259F080057A01A /* FirebaseAnalyticsOnDeviceConversion */ = {
			isa = XCSwiftPackageProductDependency;
			package = 82D78C362B259F080057A01A /* XCRemoteSwiftPackageReference "firebase-ios-sdk" */;
			productName = FirebaseAnalyticsOnDeviceConversion;
		};
		82D78C3B2B259F080057A01A /* FirebaseAnalyticsSwift */ = {
			isa = XCSwiftPackageProductDependency;
			package = 82D78C362B259F080057A01A /* XCRemoteSwiftPackageReference "firebase-ios-sdk" */;
			productName = FirebaseAnalyticsSwift;
		};
		82D78C3D2B259F080057A01A /* FirebaseAnalyticsWithoutAdIdSupport */ = {
			isa = XCSwiftPackageProductDependency;
			package = 82D78C362B259F080057A01A /* XCRemoteSwiftPackageReference "firebase-ios-sdk" */;
			productName = FirebaseAnalyticsWithoutAdIdSupport;
		};
		82D78C3F2B259F080057A01A /* FirebaseAppCheck */ = {
			isa = XCSwiftPackageProductDependency;
			package = 82D78C362B259F080057A01A /* XCRemoteSwiftPackageReference "firebase-ios-sdk" */;
			productName = FirebaseAppCheck;
		};
		82D78C412B259F080057A01A /* FirebaseAppDistribution-Beta */ = {
			isa = XCSwiftPackageProductDependency;
			package = 82D78C362B259F080057A01A /* XCRemoteSwiftPackageReference "firebase-ios-sdk" */;
			productName = "FirebaseAppDistribution-Beta";
		};
		82D78C432B259F080057A01A /* FirebaseAuth */ = {
			isa = XCSwiftPackageProductDependency;
			package = 82D78C362B259F080057A01A /* XCRemoteSwiftPackageReference "firebase-ios-sdk" */;
			productName = FirebaseAuth;
		};
		82D78C452B259F080057A01A /* FirebaseAuthCombine-Community */ = {
			isa = XCSwiftPackageProductDependency;
			package = 82D78C362B259F080057A01A /* XCRemoteSwiftPackageReference "firebase-ios-sdk" */;
			productName = "FirebaseAuthCombine-Community";
		};
		82D78C472B259F080057A01A /* FirebaseCrashlytics */ = {
			isa = XCSwiftPackageProductDependency;
			package = 82D78C362B259F080057A01A /* XCRemoteSwiftPackageReference "firebase-ios-sdk" */;
			productName = FirebaseCrashlytics;
		};
		82D78C492B259F080057A01A /* FirebaseDatabase */ = {
			isa = XCSwiftPackageProductDependency;
			package = 82D78C362B259F080057A01A /* XCRemoteSwiftPackageReference "firebase-ios-sdk" */;
			productName = FirebaseDatabase;
		};
		82D78C4B2B259F080057A01A /* FirebaseDatabaseSwift */ = {
			isa = XCSwiftPackageProductDependency;
			package = 82D78C362B259F080057A01A /* XCRemoteSwiftPackageReference "firebase-ios-sdk" */;
			productName = FirebaseDatabaseSwift;
		};
		82D78C4D2B259F080057A01A /* FirebaseDynamicLinks */ = {
			isa = XCSwiftPackageProductDependency;
			package = 82D78C362B259F080057A01A /* XCRemoteSwiftPackageReference "firebase-ios-sdk" */;
			productName = FirebaseDynamicLinks;
		};
		82D78C4F2B259F080057A01A /* FirebaseFirestore */ = {
			isa = XCSwiftPackageProductDependency;
			package = 82D78C362B259F080057A01A /* XCRemoteSwiftPackageReference "firebase-ios-sdk" */;
			productName = FirebaseFirestore;
		};
		82D78C512B259F080057A01A /* FirebaseFirestoreCombine-Community */ = {
			isa = XCSwiftPackageProductDependency;
			package = 82D78C362B259F080057A01A /* XCRemoteSwiftPackageReference "firebase-ios-sdk" */;
			productName = "FirebaseFirestoreCombine-Community";
		};
		82D78C532B259F080057A01A /* FirebaseFirestoreSwift */ = {
			isa = XCSwiftPackageProductDependency;
			package = 82D78C362B259F080057A01A /* XCRemoteSwiftPackageReference "firebase-ios-sdk" */;
			productName = FirebaseFirestoreSwift;
		};
		82D78C552B259F080057A01A /* FirebaseFunctions */ = {
			isa = XCSwiftPackageProductDependency;
			package = 82D78C362B259F080057A01A /* XCRemoteSwiftPackageReference "firebase-ios-sdk" */;
			productName = FirebaseFunctions;
		};
		82D78C572B259F080057A01A /* FirebaseFunctionsCombine-Community */ = {
			isa = XCSwiftPackageProductDependency;
			package = 82D78C362B259F080057A01A /* XCRemoteSwiftPackageReference "firebase-ios-sdk" */;
			productName = "FirebaseFunctionsCombine-Community";
		};
		82D78C592B259F080057A01A /* FirebaseInAppMessaging-Beta */ = {
			isa = XCSwiftPackageProductDependency;
			package = 82D78C362B259F080057A01A /* XCRemoteSwiftPackageReference "firebase-ios-sdk" */;
			productName = "FirebaseInAppMessaging-Beta";
		};
		82D78C5B2B259F080057A01A /* FirebaseInAppMessagingSwift-Beta */ = {
			isa = XCSwiftPackageProductDependency;
			package = 82D78C362B259F080057A01A /* XCRemoteSwiftPackageReference "firebase-ios-sdk" */;
			productName = "FirebaseInAppMessagingSwift-Beta";
		};
		82D78C5D2B259F080057A01A /* FirebaseInstallations */ = {
			isa = XCSwiftPackageProductDependency;
			package = 82D78C362B259F080057A01A /* XCRemoteSwiftPackageReference "firebase-ios-sdk" */;
			productName = FirebaseInstallations;
		};
		82D78C602B259F530057A01A /* Kingfisher */ = {
			isa = XCSwiftPackageProductDependency;
			package = 82D78C5F2B259F530057A01A /* XCRemoteSwiftPackageReference "Kingfisher" */;
			productName = Kingfisher;
		};
		82D78C682B25DB440057A01A /* FirebaseAnalytics */ = {
			isa = XCSwiftPackageProductDependency;
			package = 82D78C362B259F080057A01A /* XCRemoteSwiftPackageReference "firebase-ios-sdk" */;
			productName = FirebaseAnalytics;
		};
		82D78C6A2B25DB440057A01A /* FirebaseAnalyticsOnDeviceConversion */ = {
			isa = XCSwiftPackageProductDependency;
			package = 82D78C362B259F080057A01A /* XCRemoteSwiftPackageReference "firebase-ios-sdk" */;
			productName = FirebaseAnalyticsOnDeviceConversion;
		};
		82D78C6C2B25DB440057A01A /* FirebaseAnalyticsSwift */ = {
			isa = XCSwiftPackageProductDependency;
			package = 82D78C362B259F080057A01A /* XCRemoteSwiftPackageReference "firebase-ios-sdk" */;
			productName = FirebaseAnalyticsSwift;
		};
		82D78C6E2B25DB440057A01A /* FirebaseAnalyticsWithoutAdIdSupport */ = {
			isa = XCSwiftPackageProductDependency;
			package = 82D78C362B259F080057A01A /* XCRemoteSwiftPackageReference "firebase-ios-sdk" */;
			productName = FirebaseAnalyticsWithoutAdIdSupport;
		};
		82D78C702B25DB440057A01A /* FirebaseAppCheck */ = {
			isa = XCSwiftPackageProductDependency;
			package = 82D78C362B259F080057A01A /* XCRemoteSwiftPackageReference "firebase-ios-sdk" */;
			productName = FirebaseAppCheck;
		};
		82D78C722B25DB440057A01A /* FirebaseAppDistribution-Beta */ = {
			isa = XCSwiftPackageProductDependency;
			package = 82D78C362B259F080057A01A /* XCRemoteSwiftPackageReference "firebase-ios-sdk" */;
			productName = "FirebaseAppDistribution-Beta";
		};
		82D78C742B25DB440057A01A /* FirebaseAuth */ = {
			isa = XCSwiftPackageProductDependency;
			package = 82D78C362B259F080057A01A /* XCRemoteSwiftPackageReference "firebase-ios-sdk" */;
			productName = FirebaseAuth;
		};
		82D78C762B25DB440057A01A /* FirebaseAuthCombine-Community */ = {
			isa = XCSwiftPackageProductDependency;
			package = 82D78C362B259F080057A01A /* XCRemoteSwiftPackageReference "firebase-ios-sdk" */;
			productName = "FirebaseAuthCombine-Community";
		};
		82D78C782B25DB440057A01A /* FirebaseCrashlytics */ = {
			isa = XCSwiftPackageProductDependency;
			package = 82D78C362B259F080057A01A /* XCRemoteSwiftPackageReference "firebase-ios-sdk" */;
			productName = FirebaseCrashlytics;
		};
		82D78C7A2B25DB440057A01A /* FirebaseDatabase */ = {
			isa = XCSwiftPackageProductDependency;
			package = 82D78C362B259F080057A01A /* XCRemoteSwiftPackageReference "firebase-ios-sdk" */;
			productName = FirebaseDatabase;
		};
		82D78C7C2B25DB440057A01A /* FirebaseDatabaseSwift */ = {
			isa = XCSwiftPackageProductDependency;
			package = 82D78C362B259F080057A01A /* XCRemoteSwiftPackageReference "firebase-ios-sdk" */;
			productName = FirebaseDatabaseSwift;
		};
		82D78C7E2B25DB440057A01A /* FirebaseDynamicLinks */ = {
			isa = XCSwiftPackageProductDependency;
			package = 82D78C362B259F080057A01A /* XCRemoteSwiftPackageReference "firebase-ios-sdk" */;
			productName = FirebaseDynamicLinks;
		};
		82D78C802B25DB440057A01A /* FirebaseFirestore */ = {
			isa = XCSwiftPackageProductDependency;
			package = 82D78C362B259F080057A01A /* XCRemoteSwiftPackageReference "firebase-ios-sdk" */;
			productName = FirebaseFirestore;
		};
		82D78C822B25DB440057A01A /* FirebaseFirestoreCombine-Community */ = {
			isa = XCSwiftPackageProductDependency;
			package = 82D78C362B259F080057A01A /* XCRemoteSwiftPackageReference "firebase-ios-sdk" */;
			productName = "FirebaseFirestoreCombine-Community";
		};
		82D78C842B25DB440057A01A /* FirebaseFirestoreSwift */ = {
			isa = XCSwiftPackageProductDependency;
			package = 82D78C362B259F080057A01A /* XCRemoteSwiftPackageReference "firebase-ios-sdk" */;
			productName = FirebaseFirestoreSwift;
		};
		82D78C862B25DB440057A01A /* FirebaseFunctions */ = {
			isa = XCSwiftPackageProductDependency;
			package = 82D78C362B259F080057A01A /* XCRemoteSwiftPackageReference "firebase-ios-sdk" */;
			productName = FirebaseFunctions;
		};
		82D78C882B25DB440057A01A /* FirebaseFunctionsCombine-Community */ = {
			isa = XCSwiftPackageProductDependency;
			package = 82D78C362B259F080057A01A /* XCRemoteSwiftPackageReference "firebase-ios-sdk" */;
			productName = "FirebaseFunctionsCombine-Community";
		};
		82D78C8A2B25DB440057A01A /* FirebaseInAppMessaging-Beta */ = {
			isa = XCSwiftPackageProductDependency;
			package = 82D78C362B259F080057A01A /* XCRemoteSwiftPackageReference "firebase-ios-sdk" */;
			productName = "FirebaseInAppMessaging-Beta";
		};
		82D78C8C2B25DB440057A01A /* FirebaseInAppMessagingSwift-Beta */ = {
			isa = XCSwiftPackageProductDependency;
			package = 82D78C362B259F080057A01A /* XCRemoteSwiftPackageReference "firebase-ios-sdk" */;
			productName = "FirebaseInAppMessagingSwift-Beta";
		};
		82D78C8E2B25DB440057A01A /* FirebaseInstallations */ = {
			isa = XCSwiftPackageProductDependency;
			package = 82D78C362B259F080057A01A /* XCRemoteSwiftPackageReference "firebase-ios-sdk" */;
			productName = FirebaseInstallations;
		};
		82D78C902B25DB440057A01A /* FirebaseMessaging */ = {
			isa = XCSwiftPackageProductDependency;
			package = 82D78C362B259F080057A01A /* XCRemoteSwiftPackageReference "firebase-ios-sdk" */;
			productName = FirebaseMessaging;
		};
		82D78C922B25DB440057A01A /* FirebasePerformance */ = {
			isa = XCSwiftPackageProductDependency;
			package = 82D78C362B259F080057A01A /* XCRemoteSwiftPackageReference "firebase-ios-sdk" */;
			productName = FirebasePerformance;
		};
		82D78C942B25DB440057A01A /* FirebaseRemoteConfig */ = {
			isa = XCSwiftPackageProductDependency;
			package = 82D78C362B259F080057A01A /* XCRemoteSwiftPackageReference "firebase-ios-sdk" */;
			productName = FirebaseRemoteConfig;
		};
		82D78C962B25DB440057A01A /* FirebaseRemoteConfigSwift */ = {
			isa = XCSwiftPackageProductDependency;
			package = 82D78C362B259F080057A01A /* XCRemoteSwiftPackageReference "firebase-ios-sdk" */;
			productName = FirebaseRemoteConfigSwift;
		};
		82D78C982B25DB440057A01A /* FirebaseStorage */ = {
			isa = XCSwiftPackageProductDependency;
			package = 82D78C362B259F080057A01A /* XCRemoteSwiftPackageReference "firebase-ios-sdk" */;
			productName = FirebaseStorage;
		};
		82D78C9A2B25DB440057A01A /* FirebaseStorageCombine-Community */ = {
			isa = XCSwiftPackageProductDependency;
			package = 82D78C362B259F080057A01A /* XCRemoteSwiftPackageReference "firebase-ios-sdk" */;
			productName = "FirebaseStorageCombine-Community";
		};
/* End XCSwiftPackageProductDependency section */
	};
	rootObject = 82F973DA2B0A2EDD000A2FBA /* Project object */;
}
